
Microsoft Visual Studio Solution File, Format Version 12.00
# Visual Studio 2015
Project("{FAE04EC0-301F-11D3-BF4B-00C04F79EFBC}") = "MakeHumanIntegration.CSharp", "MakeHumanIntegration.CSharp.csproj", "{B40D2A91-35E1-EEC2-2859-86F6A1DAB05F}"
EndProject
Project("{FAE04EC0-301F-11D3-BF4B-00C04F79EFBC}") = "MakeHumanIntegration.CSharp.Editor", "MakeHumanIntegration.CSharp.Editor.csproj", "{FB0B40D6-EB42-6D5D-565C-26AC6D086F4C}"
EndProject
Global
	GlobalSection(SolutionConfigurationPlatforms) = preSolution
		Debug|Any CPU = Debug|Any CPU
		Release|Any CPU = Release|Any CPU
	EndGlobalSection
	GlobalSection(ProjectConfigurationPlatforms) = postSolution
		{B40D2A91-35E1-EEC2-2859-86F6A1DAB05F}.Debug|Any CPU.ActiveCfg = Debug|Any CPU
		{B40D2A91-35E1-EEC2-2859-86F6A1DAB05F}.Debug|Any CPU.Build.0 = Debug|Any CPU
		{B40D2A91-35E1-EEC2-2859-86F6A1DAB05F}.Release|Any CPU.ActiveCfg = Release|Any CPU
		{B40D2A91-35E1-EEC2-2859-86F6A1DAB05F}.Release|Any CPU.Build.0 = Release|Any CPU
		{FB0B40D6-EB42-6D5D-565C-26AC6D086F4C}.Debug|Any CPU.ActiveCfg = Debug|Any CPU
		{FB0B40D6-EB42-6D5D-565C-26AC6D086F4C}.Debug|Any CPU.Build.0 = Debug|Any CPU
		{FB0B40D6-EB42-6D5D-565C-26AC6D086F4C}.Release|Any CPU.ActiveCfg = Release|Any CPU
		{FB0B40D6-EB42-6D5D-565C-26AC6D086F4C}.Release|Any CPU.Build.0 = Release|Any CPU
	EndGlobalSection
	GlobalSection(SolutionProperties) = preSolution
		HideSolutionNode = FALSE
	EndGlobalSection
EndGlobal
